
Microsoft Visual Studio Solution File, Format Version 12.00
# Visual Studio Version 16
VisualStudioVersion = 16.0.30406.217
MinimumVisualStudioVersion = 10.0.40219.1
Project("{FAE04EC0-301F-11D3-BF4B-00C04F79EFBC}") = "youtubeLiblary", "youtubeLiblary\youtubeLiblary.csproj", "{59D49F95-2027-433A-A1E2-4236B2EB129C}"
EndProject
Global
	GlobalSection(SolutionConfigurationPlatforms) = preSolution
		Debug|Any CPU = Debug|Any CPU
		Release|Any CPU = Release|Any CPU
	EndGlobalSection
	GlobalSection(ProjectConfigurationPlatforms) = postSolution
		{59D49F95-2027-433A-A1E2-4236B2EB129C}.Debug|Any CPU.ActiveCfg = Debug|Any CPU
		{59D49F95-2027-433A-A1E2-4236B2EB129C}.Debug|Any CPU.Build.0 = Debug|Any CPU
		{59D49F95-2027-433A-A1E2-4236B2EB129C}.Release|Any CPU.ActiveCfg = Release|Any CPU
		{59D49F95-2027-433A-A1E2-4236B2EB129C}.Release|Any CPU.Build.0 = Release|Any CPU
	EndGlobalSection
	GlobalSection(SolutionProperties) = preSolution
		HideSolutionNode = FALSE
	EndGlobalSection
	GlobalSection(ExtensibilityGlobals) = postSolution
		SolutionGuid = {A7FAF751-2873-402A-B9CA-082131E901CB}
	EndGlobalSection
EndGlobal
